// !$*UTF8*$!
{
	archiveVersion = 1;
	classes = {
	};
	objectVersion = 46;
	objects = {

/* Begin PBXBuildFile section */
		6B485B021C9D23D100B71E8F /* main.m in Sources */ = {isa = PBXBuildFile; fileRef = 6B485B011C9D23D100B71E8F /* main.m */; };
		6B485B051C9D23D100B71E8F /* AppDelegate.m in Sources */ = {isa = PBXBuildFile; fileRef = 6B485B041C9D23D100B71E8F /* AppDelegate.m */; };
		6B485B081C9D23D100B71E8F /* ViewController.m in Sources */ = {isa = PBXBuildFile; fileRef = 6B485B071C9D23D100B71E8F /* ViewController.m */; };
		6B485B0B1C9D23D100B71E8F /* Main.storyboard in Resources */ = {isa = PBXBuildFile; fileRef = 6B485B091C9D23D100B71E8F /* Main.storyboard */; };
		6B485B0D1C9D23D100B71E8F /* Images.xcassets in Resources */ = {isa = PBXBuildFile; fileRef = 6B485B0C1C9D23D100B71E8F /* Images.xcassets */; };
		6B485B101C9D23D100B71E8F /* LaunchScreen.xib in Resources */ = {isa = PBXBuildFile; fileRef = 6B485B0E1C9D23D100B71E8F /* LaunchScreen.xib */; };
		6B485B1C1C9D23D200B71E8F /* NewsFeedTests.m in Sources */ = {isa = PBXBuildFile; fileRef = 6B485B1B1C9D23D200B71E8F /* NewsFeedTests.m */; };
		6FE46E4221254C1A19A31402 /* libPods-NewsFeed.a in Frameworks */ = {isa = PBXBuildFile; fileRef = 18F3E7DA7B17F53241A50F15 /* libPods-NewsFeed.a */; };
/* End PBXBuildFile section */

/* Begin PBXContainerItemProxy section */
		6B485B161C9D23D200B71E8F /* PBXContainerItemProxy */ = {
			isa = PBXContainerItemProxy;
			containerPortal = 6B485AF41C9D23D100B71E8F /* Project object */;
			proxyType = 1;
			remoteGlobalIDString = 6B485AFB1C9D23D100B71E8F;
			remoteInfo = NewsFeed;
		};
/* End PBXContainerItemProxy section */

/* Begin PBXFileReference section */
		18F3E7DA7B17F53241A50F15 /* libPods-NewsFeed.a */ = {isa = PBXFileReference; explicitFileType = archive.ar; includeInIndex = 0; path = "libPods-NewsFeed.a"; sourceTree = BUILT_PRODUCTS_DIR; };
		6B485AFC1C9D23D100B71E8F /* NewsFeed.app */ = {isa = PBXFileReference; explicitFileType = wrapper.application; includeInIndex = 0; path = NewsFeed.app; sourceTree = BUILT_PRODUCTS_DIR; };
		6B485B001C9D23D100B71E8F /* Info.plist */ = {isa = PBXFileReference; lastKnownFileType = text.plist.xml; path = Info.plist; sourceTree = "<group>"; };
		6B485B011C9D23D100B71E8F /* main.m */ = {isa = PBXFileReference; lastKnownFileType = sourcecode.c.objc; path = main.m; sourceTree = "<group>"; };
		6B485B031C9D23D100B71E8F /* AppDelegate.h */ = {isa = PBXFileReference; lastKnownFileType = sourcecode.c.h; path = AppDelegate.h; sourceTree = "<group>"; };
		6B485B041C9D23D100B71E8F /* AppDelegate.m */ = {isa = PBXFileReference; lastKnownFileType = sourcecode.c.objc; path = AppDelegate.m; sourceTree = "<group>"; };
		6B485B061C9D23D100B71E8F /* ViewController.h */ = {isa = PBXFileReference; lastKnownFileType = sourcecode.c.h; path = ViewController.h; sourceTree = "<group>"; };
		6B485B071C9D23D100B71E8F /* ViewController.m */ = {isa = PBXFileReference; lastKnownFileType = sourcecode.c.objc; path = ViewController.m; sourceTree = "<group>"; };
		6B485B0A1C9D23D100B71E8F /* Base */ = {isa = PBXFileReference; lastKnownFileType = file.storyboard; name = Base; path = Base.lproj/Main.storyboard; sourceTree = "<group>"; };
		6B485B0C1C9D23D100B71E8F /* Images.xcassets */ = {isa = PBXFileReference; lastKnownFileType = folder.assetcatalog; path = Images.xcassets; sourceTree = "<group>"; };
		6B485B0F1C9D23D100B71E8F /* Base */ = {isa = PBXFileReference; lastKnownFileType = file.xib; name = Base; path = Base.lproj/LaunchScreen.xib; sourceTree = "<group>"; };
		6B485B151C9D23D200B71E8F /* NewsFeedTests.xctest */ = {isa = PBXFileReference; explicitFileType = wrapper.cfbundle; includeInIndex = 0; path = NewsFeedTests.xctest; sourceTree = BUILT_PRODUCTS_DIR; };
		6B485B1A1C9D23D200B71E8F /* Info.plist */ = {isa = PBXFileReference; lastKnownFileType = text.plist.xml; path = Info.plist; sourceTree = "<group>"; };
		6B485B1B1C9D23D200B71E8F /* NewsFeedTests.m */ = {isa = PBXFileReference; lastKnownFileType = sourcecode.c.objc; path = NewsFeedTests.m; sourceTree = "<group>"; };
		6FE3F27661D1AF026E195B74 /* Pods-NewsFeed.release.xcconfig */ = {isa = PBXFileReference; includeInIndex = 1; lastKnownFileType = text.xcconfig; name = "Pods-NewsFeed.release.xcconfig"; path = "Pods/Target Support Files/Pods-NewsFeed/Pods-NewsFeed.release.xcconfig"; sourceTree = "<group>"; };
		D49398D96E28F8ACD7106B49 /* Pods-NewsFeed.debug.xcconfig */ = {isa = PBXFileReference; includeInIndex = 1; lastKnownFileType = text.xcconfig; name = "Pods-NewsFeed.debug.xcconfig"; path = "Pods/Target Support Files/Pods-NewsFeed/Pods-NewsFeed.debug.xcconfig"; sourceTree = "<group>"; };
/* End PBXFileReference section */

/* Begin PBXFrameworksBuildPhase section */
		6B485AF91C9D23D100B71E8F /* Frameworks */ = {
			isa = PBXFrameworksBuildPhase;
			buildActionMask = 2147483647;
			files = (
				6FE46E4221254C1A19A31402 /* libPods-NewsFeed.a in Frameworks */,
			);
			runOnlyForDeploymentPostprocessing = 0;
		};
		6B485B121C9D23D200B71E8F /* Frameworks */ = {
			isa = PBXFrameworksBuildPhase;
			buildActionMask = 2147483647;
			files = (
			);
			runOnlyForDeploymentPostprocessing = 0;
		};
/* End PBXFrameworksBuildPhase section */

/* Begin PBXGroup section */
		42813DE5B416027875378265 /* Pods */ = {
			isa = PBXGroup;
			children = (
				D49398D96E28F8ACD7106B49 /* Pods-NewsFeed.debug.xcconfig */,
				6FE3F27661D1AF026E195B74 /* Pods-NewsFeed.release.xcconfig */,
			);
			name = Pods;
			sourceTree = "<group>";
		};
		6B485AF31C9D23D100B71E8F = {
			isa = PBXGroup;
			children = (
				6B485AFE1C9D23D100B71E8F /* NewsFeed */,
				6B485B181C9D23D200B71E8F /* NewsFeedTests */,
				6B485AFD1C9D23D100B71E8F /* Products */,
				42813DE5B416027875378265 /* Pods */,
				A70C137B073611E67FD852BC /* Frameworks */,
			);
			sourceTree = "<group>";
		};
		6B485AFD1C9D23D100B71E8F /* Products */ = {
			isa = PBXGroup;
			children = (
				6B485AFC1C9D23D100B71E8F /* NewsFeed.app */,
				6B485B151C9D23D200B71E8F /* NewsFeedTests.xctest */,
			);
			name = Products;
			sourceTree = "<group>";
		};
		6B485AFE1C9D23D100B71E8F /* NewsFeed */ = {
			isa = PBXGroup;
			children = (
				6B485B031C9D23D100B71E8F /* AppDelegate.h */,
				6B485B041C9D23D100B71E8F /* AppDelegate.m */,
				6B485B061C9D23D100B71E8F /* ViewController.h */,
				6B485B071C9D23D100B71E8F /* ViewController.m */,
				6B485B091C9D23D100B71E8F /* Main.storyboard */,
				6B485B0C1C9D23D100B71E8F /* Images.xcassets */,
				6B485B0E1C9D23D100B71E8F /* LaunchScreen.xib */,
				6B485AFF1C9D23D100B71E8F /* Supporting Files */,
			);
			path = NewsFeed;
			sourceTree = "<group>";
		};
		6B485AFF1C9D23D100B71E8F /* Supporting Files */ = {
			isa = PBXGroup;
			children = (
				6B485B001C9D23D100B71E8F /* Info.plist */,
				6B485B011C9D23D100B71E8F /* main.m */,
			);
			name = "Supporting Files";
			sourceTree = "<group>";
		};
		6B485B181C9D23D200B71E8F /* NewsFeedTests */ = {
			isa = PBXGroup;
			children = (
				6B485B1B1C9D23D200B71E8F /* NewsFeedTests.m */,
				6B485B191C9D23D200B71E8F /* Supporting Files */,
			);
			path = NewsFeedTests;
			sourceTree = "<group>";
		};
		6B485B191C9D23D200B71E8F /* Supporting Files */ = {
			isa = PBXGroup;
			children = (
				6B485B1A1C9D23D200B71E8F /* Info.plist */,
			);
			name = "Supporting Files";
			sourceTree = "<group>";
		};
		A70C137B073611E67FD852BC /* Frameworks */ = {
			isa = PBXGroup;
			children = (
				18F3E7DA7B17F53241A50F15 /* libPods-NewsFeed.a */,
			);
			name = Frameworks;
			sourceTree = "<group>";
		};
/* End PBXGroup section */

/* Begin PBXNativeTarget section */
		6B485AFB1C9D23D100B71E8F /* NewsFeed */ = {
			isa = PBXNativeTarget;
			buildConfigurationList = 6B485B1F1C9D23D200B71E8F /* Build configuration list for PBXNativeTarget "NewsFeed" */;
			buildPhases = (
				D20F59D71C498F3D3BC820D6 /* Check Pods Manifest.lock */,
				6B485AF81C9D23D100B71E8F /* Sources */,
				6B485AF91C9D23D100B71E8F /* Frameworks */,
				6B485AFA1C9D23D100B71E8F /* Resources */,
				2DF964691415ED8C7FB35C88 /* Embed Pods Frameworks */,
				DE3BF159DEBBF5A566A150C6 /* Copy Pods Resources */,
			);
			buildRules = (
			);
			dependencies = (
			);
			name = NewsFeed;
			productName = NewsFeed;
			productReference = 6B485AFC1C9D23D100B71E8F /* NewsFeed.app */;
			productType = "com.apple.product-type.application";
		};
		6B485B141C9D23D200B71E8F /* NewsFeedTests */ = {
			isa = PBXNativeTarget;
			buildConfigurationList = 6B485B221C9D23D200B71E8F /* Build configuration list for PBXNativeTarget "NewsFeedTests" */;
			buildPhases = (
				6B485B111C9D23D200B71E8F /* Sources */,
				6B485B121C9D23D200B71E8F /* Frameworks */,
				6B485B131C9D23D200B71E8F /* Resources */,
			);
			buildRules = (
			);
			dependencies = (
				6B485B171C9D23D200B71E8F /* PBXTargetDependency */,
			);
			name = NewsFeedTests;
			productName = NewsFeedTests;
			productReference = 6B485B151C9D23D200B71E8F /* NewsFeedTests.xctest */;
			productType = "com.apple.product-type.bundle.unit-test";
		};
/* End PBXNativeTarget section */

/* Begin PBXProject section */
		6B485AF41C9D23D100B71E8F /* Project object */ = {
			isa = PBXProject;
			attributes = {
				LastUpgradeCheck = 0610;
				ORGANIZATIONNAME = "Hemang Shah";
				TargetAttributes = {
					6B485AFB1C9D23D100B71E8F = {
						CreatedOnToolsVersion = 6.1;
					};
					6B485B141C9D23D200B71E8F = {
						CreatedOnToolsVersion = 6.1;
						TestTargetID = 6B485AFB1C9D23D100B71E8F;
					};
				};
			};
			buildConfigurationList = 6B485AF71C9D23D100B71E8F /* Build configuration list for PBXProject "NewsFeed" */;
			compatibilityVersion = "Xcode 3.2";
			developmentRegion = English;
			hasScannedForEncodings = 0;
			knownRegions = (
				en,
				Base,
			);
			mainGroup = 6B485AF31C9D23D100B71E8F;
			productRefGroup = 6B485AFD1C9D23D100B71E8F /* Products */;
			projectDirPath = "";
			projectRoot = "";
			targets = (
				6B485AFB1C9D23D100B71E8F /* NewsFeed */,
				6B485B141C9D23D200B71E8F /* NewsFeedTests */,
			);
		};
/* End PBXProject section */

/* Begin PBXResourcesBuildPhase section */
		6B485AFA1C9D23D100B71E8F /* Resources */ = {
			isa = PBXResourcesBuildPhase;
			buildActionMask = 2147483647;
			files = (
				6B485B0B1C9D23D100B71E8F /* Main.storyboard in Resources */,
				6B485B101C9D23D100B71E8F /* LaunchScreen.xib in Resources */,
				6B485B0D1C9D23D100B71E8F /* Images.xcassets in Resources */,
			);
			runOnlyForDeploymentPostprocessing = 0;
		};
		6B485B131C9D23D200B71E8F /* Resources */ = {
			isa = PBXResourcesBuildPhase;
			buildActionMask = 2147483647;
			files = (
			);
			runOnlyForDeploymentPostprocessing = 0;
		};
/* End PBXResourcesBuildPhase section */

/* Begin PBXShellScriptBuildPhase section */
		2DF964691415ED8C7FB35C88 /* Embed Pods Frameworks */ = {
			isa = PBXShellScriptBuildPhase;
			buildActionMask = 2147483647;
			files = (
			);
			inputPaths = (
			);
			name = "Embed Pods Frameworks";
			outputPaths = (
			);
			runOnlyForDeploymentPostprocessing = 0;
			shellPath = /bin/sh;
			shellScript = "\"${SRCROOT}/Pods/Target Support Files/Pods-NewsFeed/Pods-NewsFeed-frameworks.sh\"\n";
			showEnvVarsInLog = 0;
		};
		D20F59D71C498F3D3BC820D6 /* Check Pods Manifest.lock */ = {
			isa = PBXShellScriptBuildPhase;
			buildActionMask = 2147483647;
			files = (
			);
			inputPaths = (
			);
			name = "Check Pods Manifest.lock";
			outputPaths = (
			);
			runOnlyForDeploymentPostprocessing = 0;
			shellPath = /bin/sh;
			shellScript = "diff \"${PODS_ROOT}/../Podfile.lock\" \"${PODS_ROOT}/Manifest.lock\" > /dev/null\nif [[ $? != 0 ]] ; then\n    cat << EOM\nerror: The sandbox is not in sync with the Podfile.lock. Run 'pod install' or update your CocoaPods installation.\nEOM\n    exit 1\nfi\n";
			showEnvVarsInLog = 0;
		};
		DE3BF159DEBBF5A566A150C6 /* Copy Pods Resources */ = {
			isa = PBXShellScriptBuildPhase;
			buildActionMask = 2147483647;
			files = (
			);
			inputPaths = (
			);
			name = "Copy Pods Resources";
			outputPaths = (
			);
			runOnlyForDeploymentPostprocessing = 0;
			shellPath = /bin/sh;
			shellScript = "\"${SRCROOT}/Pods/Target Support Files/Pods-NewsFeed/Pods-NewsFeed-resources.sh\"\n";
			showEnvVarsInLog = 0;
		};
/* End PBXShellScriptBuildPhase section */

/* Begin PBXSourcesBuildPhase section */
		6B485AF81C9D23D100B71E8F /* Sources */ = {
			isa = PBXSourcesBuildPhase;
			buildActionMask = 2147483647;
			files = (
				6B485B081C9D23D100B71E8F /* ViewController.m in Sources */,
				6B485B051C9D23D100B71E8F /* AppDelegate.m in Sources */,
				6B485B021C9D23D100B71E8F /* main.m in Sources */,
			);
			runOnlyForDeploymentPostprocessing = 0;
		};
		6B485B111C9D23D200B71E8F /* Sources */ = {
			isa = PBXSourcesBuildPhase;
			buildActionMask = 2147483647;
			files = (
				6B485B1C1C9D23D200B71E8F /* NewsFeedTests.m in Sources */,
			);
			runOnlyForDeploymentPostprocessing = 0;
		};
/* End PBXSourcesBuildPhase section */

/* Begin PBXTargetDependency section */
		6B485B171C9D23D200B71E8F /* PBXTargetDependency */ = {
			isa = PBXTargetDependency;
			target = 6B485AFB1C9D23D100B71E8F /* NewsFeed */;
			targetProxy = 6B485B161C9D23D200B71E8F /* PBXContainerItemProxy */;
		};
/* End PBXTargetDependency section */

/* Begin PBXVariantGroup section */
		6B485B091C9D23D100B71E8F /* Main.storyboard */ = {
			isa = PBXVariantGroup;
			children = (
				6B485B0A1C9D23D100B71E8F /* Base */,
			);
			name = Main.storyboard;
			sourceTree = "<group>";
		};
		6B485B0E1C9D23D100B71E8F /* LaunchScreen.xib */ = {
			isa = PBXVariantGroup;
			children = (
				6B485B0F1C9D23D100B71E8F /* Base */,
			);
			name = LaunchScreen.xib;
			sourceTree = "<group>";
		};
/* End PBXVariantGroup section */

/* Begin XCBuildConfiguration section */
		6B485B1D1C9D23D200B71E8F /* Debug */ = {
			isa = XCBuildConfiguration;
			buildSettings = {
				ALWAYS_SEARCH_USER_PATHS = NO;
				CLANG_CXX_LANGUAGE_STANDARD = "gnu++0x";
				CLANG_CXX_LIBRARY = "libc++";
				CLANG_ENABLE_MODULES = YES;
				CLANG_ENABLE_OBJC_ARC = YES;
				CLANG_WARN_BOOL_CONVERSION = YES;
				CLANG_WARN_CONSTANT_CONVERSION = YES;
				CLANG_WARN_DIRECT_OBJC_ISA_USAGE = YES_ERROR;
				CLANG_WARN_EMPTY_BODY = YES;
				CLANG_WARN_ENUM_CONVERSION = YES;
				CLANG_WARN_INT_CONVERSION = YES;
				CLANG_WARN_OBJC_ROOT_CLASS = YES_ERROR;
				CLANG_WARN_UNREACHABLE_CODE = YES;
				CLANG_WARN__DUPLICATE_METHOD_MATCH = YES;
				"CODE_SIGN_IDENTITY[sdk=iphoneos*]" = "iPhone Developer";
				COPY_PHASE_STRIP = NO;
				ENABLE_STRICT_OBJC_MSGSEND = YES;
				GCC_C_LANGUAGE_STANDARD = gnu99;
				GCC_DYNAMIC_NO_PIC = NO;
				GCC_OPTIMIZATION_LEVEL = 0;
				GCC_PREPROCESSOR_DEFINITIONS = (
					"DEBUG=1",
					"$(inherited)",
				);
				GCC_SYMBOLS_PRIVATE_EXTERN = NO;
				GCC_WARN_64_TO_32_BIT_CONVERSION = YES;
				GCC_WARN_ABOUT_RETURN_TYPE = YES_ERROR;
				GCC_WARN_UNDECLARED_SELECTOR = YES;
				GCC_WARN_UNINITIALIZED_AUTOS = YES_AGGRESSIVE;
				GCC_WARN_UNUSED_FUNCTION = YES;
				GCC_WARN_UNUSED_VARIABLE = YES;
				IPHONEOS_DEPLOYMENT_TARGET = 8.1;
				MTL_ENABLE_DEBUG_INFO = YES;
				ONLY_ACTIVE_ARCH = YES;
				SDKROOT = iphoneos;
			};
			name = Debug;
		};
		6B485B1E1C9D23D200B71E8F /* Release */ = {
			isa = XCBuildConfiguration;
			buildSettings = {
				ALWAYS_SEARCH_USER_PATHS = NO;
				CLANG_CXX_LANGUAGE_STANDARD = "gnu++0x";
				CLANG_CXX_LIBRARY = "libc++";
				CLANG_ENABLE_MODULES = YES;
				CLANG_ENABLE_OBJC_ARC = YES;
				CLANG_WARN_BOOL_CONVERSION = YES;
				CLANG_WARN_CONSTANT_CONVERSION = YES;
				CLANG_WARN_DIRECT_OBJC_ISA_USAGE = YES_ERROR;
				CLANG_WARN_EMPTY_BODY = YES;
				CLANG_WARN_ENUM_CONVERSION = YES;
				CLANG_WARN_INT_CONVERSION = YES;
				CLANG_WARN_OBJC_ROOT_CLASS = YES_ERROR;
				CLANG_WARN_UNREACHABLE_CODE = YES;
				CLANG_WARN__DUPLICATE_METHOD_MATCH = YES;
				"CODE_SIGN_IDENTITY[sdk=iphoneos*]" = "iPhone Developer";
				COPY_PHASE_STRIP = YES;
				ENABLE_NS_ASSERTIONS = NO;
				ENABLE_STRICT_OBJC_MSGSEND = YES;
				GCC_C_LANGUAGE_STANDARD = gnu99;
				GCC_WARN_64_TO_32_BIT_CONVERSION = YES;
				GCC_WARN_ABOUT_RETURN_TYPE = YES_ERROR;
				GCC_WARN_UNDECLARED_SELECTOR = YES;
				GCC_WARN_UNINITIALIZED_AUTOS = YES_AGGRESSIVE;
				GCC_WARN_UNUSED_FUNCTION = YES;
				GCC_WARN_UNUSED_VARIABLE = YES;
				IPHONEOS_DEPLOYMENT_TARGET = 8.1;
				MTL_ENABLE_DEBUG_INFO = NO;
				SDKROOT = iphoneos;
				VALIDATE_PRODUCT = YES;
			};
			name = Release;
		};
		6B485B201C9D23D200B71E8F /* Debug */ = {
			isa = XCBuildConfiguration;
			baseConfigurationReference = D49398D96E28F8ACD7106B49 /* Pods-NewsFeed.debug.xcconfig */;
			buildSettings = {
				ASSETCATALOG_COMPILER_APPICON_NAME = AppIcon;
				INFOPLIST_FILE = NewsFeed/Info.plist;
				LD_RUNPATH_SEARCH_PATHS = "$(inherited) @executable_path/Frameworks";
				PRODUCT_NAME = "$(TARGET_NAME)";
			};
			name = Debug;
		};
		6B485B211C9D23D200B71E8F /* Release */ = {
			isa = XCBuildConfiguration;
			baseConfigurationReference = 6FE3F27661D1AF026E195B74 /* Pods-NewsFeed.release.xcconfig */;
			buildSettings = {
				ASSETCATALOG_COMPILER_APPICON_NAME = AppIcon;
				INFOPLIST_FILE = NewsFeed/Info.plist;
				LD_RUNPATH_SEARCH_PATHS = "$(inherited) @executable_path/Frameworks";
				PRODUCT_NAME = "$(TARGET_NAME)";
			};
			name = Release;
		};
		6B485B231C9D23D200B71E8F /* Debug */ = {
			isa = XCBuildConfiguration;
			buildSettings = {
				BUNDLE_LOADER = "$(TEST_HOST)";
				FRAMEWORK_SEARCH_PATHS = (
					"$(SDKROOT)/Developer/Library/Frameworks",
					"$(inherited)",
				);
				GCC_PREPROCESSOR_DEFINITIONS = (
					"DEBUG=1",
					"$(inherited)",
				);
				INFOPLIST_FILE = NewsFeedTests/Info.plist;
				LD_RUNPATH_SEARCH_PATHS = "$(inherited) @executable_path/Frameworks @loader_path/Frameworks";
				PRODUCT_NAME = "$(TARGET_NAME)";
				TEST_HOST = "$(BUILT_PRODUCTS_DIR)/NewsFeed.app/NewsFeed";
			};
			name = Debug;
		};
		6B485B241C9D23D200B71E8F /* Release */ = {
			isa = XCBuildConfiguration;
			buildSettings = {
				BUNDLE_LOADER = "$(TEST_HOST)";
				FRAMEWORK_SEARCH_PATHS = (
					"$(SDKROOT)/Developer/Library/Frameworks",
					"$(inherited)",
				);
				INFOPLIST_FILE = NewsFeedTests/Info.plist;
				LD_RUNPATH_SEARCH_PATHS = "$(inherited) @executable_path/Frameworks @loader_path/Frameworks";
				PRODUCT_NAME = "$(TARGET_NAME)";
				TEST_HOST = "$(BUILT_PRODUCTS_DIR)/NewsFeed.app/NewsFeed";
			};
			name = Release;
		};
/* End XCBuildConfiguration section */

/* Begin XCConfigurationList section */
		6B485AF71C9D23D100B71E8F /* Build configuration list for PBXProject "NewsFeed" */ = {
			isa = XCConfigurationList;
			buildConfigurations = (
				6B485B1D1C9D23D200B71E8F /* Debug */,
				6B485B1E1C9D23D200B71E8F /* Release */,
			);
			defaultConfigurationIsVisible = 0;
			defaultConfigurationName = Release;
		};
		6B485B1F1C9D23D200B71E8F /* Build configuration list for PBXNativeTarget "NewsFeed" */ = {
			isa = XCConfigurationList;
			buildConfigurations = (
				6B485B201C9D23D200B71E8F /* Debug */,
				6B485B211C9D23D200B71E8F /* Release */,
			);
			defaultConfigurationIsVisible = 0;
			defaultConfigurationName = Release;
		};
		6B485B221C9D23D200B71E8F /* Build configuration list for PBXNativeTarget "NewsFeedTests" */ = {
			isa = XCConfigurationList;
			buildConfigurations = (
				6B485B231C9D23D200B71E8F /* Debug */,
				6B485B241C9D23D200B71E8F /* Release */,
			);
			defaultConfigurationIsVisible = 0;
			defaultConfigurationName = Release;
		};
/* End XCConfigurationList section */
	};
	rootObject = 6B485AF41C9D23D100B71E8F /* Project object */;
}
